{
  "name": "text2md",
  "version": "1.0.0",
  "lockfileVersion": 3,
  "requires": true,
  "packages": {
    "": {
      "name": "text2md",
      "version": "1.0.0",
      "dependencies": {
        "dompurify": "^3.3.0",
        "marked": "^16.3.0",
        "next": "^16.0.0",
        "quill": "^2.0.3",
        "react": "^19.2.0",
        "react-dom": "^19.2.0",
        "turndown": "^7.2.1",
        "turndown-plugin-gfm": "^1.0.2"
      }
    },
    "node_modules/@emnapi/runtime": {
      "version": "1.10.0",
      "resolved": "http://registry.m.jd.com/@emnapi/runtime/download/@emnapi/runtime-1.10.0.tgz",
      "integrity": "sha1-SyYMDTU0IE6YxhELjbGph9JuyHw=",
      "license": "MIT",
      "optional": true,
      "dependencies": {
        "tslib": "^2.4.0"
      }
    },
    "node_modules/@img/colour": {
      "version": "1.1.0",
      "resolved": "http://registry.m.jd.com/@img/colour/download/@img/colour-1.1.0.tgz",
      "integrity": "sha1-sMLC+mYa33Xv/WtJZEl82AAQu50=",
      "license": "MIT",
      "optional": true,
      "engines": {
        "node": ">=18"
      }
    },
    "node_modules/@img/sharp-darwin-arm64": {
      "version": "0.34.5",
      "resolved": "http://registry.m.jd.com/@img/sharp-darwin-arm64/download/@img/sharp-darwin-arm64-0.34.5.tgz",
      "integrity": "sha1-bgcy3K3hJrZnCveqFwYLkmg16oY=",
      "cpu": [
        "arm64"
      ],
      "license": "Apache-2.0",
      "optional": true,
      "os": [
        "darwin"
      ],
      "engines": {
        "node": "^18.17.0 || ^20.3.0 || >=21.0.0"
      },
      "funding": {
        "url": "https://opencollective.com/libvips"
      },
      "optionalDependencies": {
        "@img/sharp-libvips-darwin-arm64": "1.2.4"
      }
    },
    "node_modules/@img/sharp-darwin-x64": {
      "version": "0.34.5",
      "resolved": "http://registry.m.jd.com/@img/sharp-darwin-x64/download/@img/sharp-darwin-x64-0.34.5.tgz",
      "integrity": "sha1-Gbwd1uum1alig0mLnJ9AEYDunHs=",
      "cpu": [
        "x64"
      ],
      "license": "Apache-2.0",
      "optional": true,
      "os": [
        "darwin"
      ],
      "engines": {
        "node": "^18.17.0 || ^20.3.0 || >=21.0.0"
      },
      "funding": {
        "url": "https://opencollective.com/libvips"
      },
      "optionalDependencies": {
        "@img/sharp-libvips-darwin-x64": "1.2.4"
      }
    },
    "node_modules/@img/sharp-libvips-darwin-arm64": {
      "version": "1.2.4",
      "resolved": "http://registry.m.jd.com/@img/sharp-libvips-darwin-arm64/download/@img/sharp-libvips-darwin-arm64-1.2.4.tgz",
      "integrity": "sha1-KJTAy4fUInbDiJlC6OLbUXpJLEM=",
      "cpu": [
        "arm64"
      ],
      "license": "LGPL-3.0-or-later",
      "optional": true,
      "os": [
        "darwin"
      ],
      "funding": {
        "url": "https://opencollective.com/libvips"
      }
    },
    "node_modules/@img/sharp-libvips-darwin-x64": {
      "version": "1.2.4",
      "resolved": "http://registry.m.jd.com/@img/sharp-libvips-darwin-x64/download/@img/sharp-libvips-darwin-x64-1.2.4.tgz",
      "integrity": "sha1-5jaB9FOalK+c0XJG7YiBc0OG+Mw=",
      "cpu": [
        "x64"
      ],
      "license": "LGPL-3.0-or-later",
      "optional": true,
      "os": [
        "darwin"
      ],
      "funding": {
        "url": "https://opencollective.com/libvips"
      }
    },
    "node_modules/@img/sharp-libvips-linux-arm": {
      "version": "1.2.4",
      "resolved": "http://registry.m.jd.com/@img/sharp-libvips-linux-arm/download/@img/sharp-libvips-linux-arm-1.2.4.tgz",
      "integrity": "sha1-uSYN0evm+eO9vL3KydKsEl81hS0=",
      "cpu": [
        "arm"
      ],
      "libc": [
        "glibc"
      ],
      "license": "LGPL-3.0-or-later",
      "optional": true,
      "os": [
        "linux"
      ],
      "funding": {
        "url": "https://opencollective.com/libvips"
      }
    },
    "node_modules/@img/sharp-libvips-linux-arm64": {
      "version": "1.2.4",
      "resolved": "http://registry.m.jd.com/@img/sharp-libvips-linux-arm64/download/@img/sharp-libvips-linux-arm64-1.2.4.tgz",
      "integrity": "sha1-sbKIs2hks7zlRa2R+m2tzxpK0xg=",
      "cpu": [
        "arm64"
      ],
      "libc": [
        "glibc"
      ],
      "license": "LGPL-3.0-or-later",
      "optional": true,
      "os": [
        "linux"
      ],
      "funding": {
        "url": "https://opencollective.com/libvips"
      }
    },
    "node_modules/@img/sharp-libvips-linux-ppc64": {
      "version": "1.2.4",
      "resolved": "http://registry.m.jd.com/@img/sharp-libvips-linux-ppc64/download/@img/sharp-libvips-linux-ppc64-1.2.4.tgz",
      "integrity": "sha1-S4Ps8qgpBXIis4hIx7Ai57TQeqc=",
      "cpu": [
        "ppc64"
      ],
      "libc": [
        "glibc"
      ],
      "license": "LGPL-3.0-or-later",
      "optional": true,
      "os": [
        "linux"
      ],
      "funding": {
        "url": "https://opencollective.com/libvips"
      }
    },
    "node_modules/@img/sharp-libvips-linux-riscv64": {
      "version": "1.2.4",
      "resolved": "http://registry.m.jd.com/@img/sharp-libvips-linux-riscv64/download/@img/sharp-libvips-linux-riscv64-1.2.4.tgz",
      "integrity": "sha1-iAtGeACeWiCArxkjMrALCq+KSN4=",
      "cpu": [
        "riscv64"
      ],
      "libc": [
        "glibc"
      ],
      "license": "LGPL-3.0-or-later",
      "optional": true,
      "os": [
        "linux"
      ],
      "funding": {
        "url": "https://opencollective.com/libvips"
      }
    },
    "node_modules/@img/sharp-libvips-linux-s390x": {
      "version": "1.2.4",
      "resolved": "http://registry.m.jd.com/@img/sharp-libvips-linux-s390x/download/@img/sharp-libvips-linux-s390x-1.2.4.tgz",
      "integrity": "sha1-dPNDyOEPrYIbOPdc7TBIiTncWew=",
      "cpu": [
        "s390x"
      ],
      "libc": [
        "glibc"
      ],
      "license": "LGPL-3.0-or-later",
      "optional": true,
      "os": [
        "linux"
      ],
      "funding": {
        "url": "https://opencollective.com/libvips"
      }
    },
    "node_modules/@img/sharp-libvips-linux-x64": {
      "version": "1.2.4",
      "resolved": "http://registry.m.jd.com/@img/sharp-libvips-linux-x64/download/@img/sharp-libvips-linux-x64-1.2.4.tgz",
      "integrity": "sha1-30GD6L2EEPfWG2aFmjXt6rClMc4=",
      "cpu": [
        "x64"
      ],
      "libc": [
        "glibc"
      ],
      "license": "LGPL-3.0-or-later",
      "optional": true,
      "os": [
        "linux"
      ],
      "funding": {
        "url": "https://opencollective.com/libvips"
      }
    },
    "node_modules/@img/sharp-libvips-linuxmusl-arm64": {
      "version": "1.2.4",
      "resolved": "http://registry.m.jd.com/@img/sharp-libvips-linuxmusl-arm64/download/@img/sharp-libvips-linuxmusl-arm64-1.2.4.tgz",
      "integrity": "sha1-yNa0ghHfZxN1QQB+6NG3sfjKjgY=",
      "cpu": [
        "arm64"
      ],
      "libc": [
        "musl"
      ],
      "license": "LGPL-3.0-or-later",
      "optional": true,
      "os": [
        "linux"
      ],
      "funding": {
        "url": "https://opencollective.com/libvips"
      }
    },
    "node_modules/@img/sharp-libvips-linuxmusl-x64": {
      "version": "1.2.4",
      "resolved": "http://registry.m.jd.com/@img/sharp-libvips-linuxmusl-x64/download/@img/sharp-libvips-linuxmusl-x64-1.2.4.tgz",
      "integrity": "sha1-vhHHW+5bCAy+4xoVOod5RI+Rn3U=",
      "cpu": [
        "x64"
      ],
      "libc": [
        "musl"
      ],
      "license": "LGPL-3.0-or-later",
      "optional": true,
      "os": [
        "linux"
      ],
      "funding": {
        "url": "https://opencollective.com/libvips"
      }
    },
    "node_modules/@img/sharp-linux-arm": {
      "version": "0.34.5",
      "resolved": "http://registry.m.jd.com/@img/sharp-linux-arm/download/@img/sharp-linux-arm-0.34.5.tgz",
      "integrity": "sha1-X7DDaV3RJSLTnD/3pryBZGF4Cg0=",
      "cpu": [
        "arm"
      ],
      "libc": [
        "glibc"
      ],
      "license": "Apache-2.0",
      "optional": true,
      "os": [
        "linux"
      ],
      "engines": {
        "node": "^18.17.0 || ^20.3.0 || >=21.0.0"
      },
      "funding": {
        "url": "https://opencollective.com/libvips"
      },
      "optionalDependencies": {
        "@img/sharp-libvips-linux-arm": "1.2.4"
      }
    },
    "node_modules/@img/sharp-linux-arm64": {
      "version": "0.34.5",
      "resolved": "http://registry.m.jd.com/@img/sharp-linux-arm64/download/@img/sharp-linux-arm64-0.34.5.tgz",
      "integrity": "sha1-eqd2TvnAAfFeYQVG1C/OVpEXkMw=",
      "cpu": [
        "arm64"
      ],
      "libc": [
        "glibc"
      ],
      "license": "Apache-2.0",
      "optional": true,
      "os": [
        "linux"
      ],
      "engines": {
        "node": "^18.17.0 || ^20.3.0 || >=21.0.0"
      },
      "funding": {
        "url": "https://opencollective.com/libvips"
      },
      "optionalDependencies": {
        "@img/sharp-libvips-linux-arm64": "1.2.4"
      }
    },
    "node_modules/@img/sharp-linux-ppc64": {
      "version": "0.34.5",
      "resolved": "http://registry.m.jd.com/@img/sharp-linux-ppc64/download/@img/sharp-linux-ppc64-0.34.5.tgz",
      "integrity": "sha1-nCE6gVIKIMr2aXjz1MB0Vv8uCBM=",
      "cpu": [
        "ppc64"
      ],
      "libc": [
        "glibc"
      ],
      "license": "Apache-2.0",
      "optional": true,
      "os": [
        "linux"
      ],
      "engines": {
        "node": "^18.17.0 || ^20.3.0 || >=21.0.0"
      },
      "funding": {
        "url": "https://opencollective.com/libvips"
      },
      "optionalDependencies": {
        "@img/sharp-libvips-linux-ppc64": "1.2.4"
      }
    },
    "node_modules/@img/sharp-linux-riscv64": {
      "version": "0.34.5",
      "resolved": "http://registry.m.jd.com/@img/sharp-linux-riscv64/download/@img/sharp-linux-riscv64-0.34.5.tgz",
      "integrity": "sha1-zdKBgndOrb4E9iZ1oWqrvMuDP2A=",
      "cpu": [
        "riscv64"
      ],
      "libc": [
        "glibc"
      ],
      "license": "Apache-2.0",
      "optional": true,
      "os": [
        "linux"
      ],
      "engines": {
        "node": "^18.17.0 || ^20.3.0 || >=21.0.0"
      },
      "funding": {
        "url": "https://opencollective.com/libvips"
      },
      "optionalDependencies": {
        "@img/sharp-libvips-linux-riscv64": "1.2.4"
      }
    },
    "node_modules/@img/sharp-linux-s390x": {
      "version": "0.34.5",
      "resolved": "http://registry.m.jd.com/@img/sharp-linux-s390x/download/@img/sharp-linux-s390x-0.34.5.tgz",
      "integrity": "sha1-k+rGAbnzKbsnkX4OGQmMci1jDfc=",
      "cpu": [
        "s390x"
      ],
      "libc": [
        "glibc"
      ],
      "license": "Apache-2.0",
      "optional": true,
      "os": [
        "linux"
      ],
      "engines": {
        "node": "^18.17.0 || ^20.3.0 || >=21.0.0"
      },
      "funding": {
        "url": "https://opencollective.com/libvips"
      },
      "optionalDependencies": {
        "@img/sharp-libvips-linux-s390x": "1.2.4"
      }
    },
    "node_modules/@img/sharp-linux-x64": {
      "version": "0.34.5",
      "resolved": "http://registry.m.jd.com/@img/sharp-linux-x64/download/@img/sharp-linux-x64-0.34.5.tgz",
      "integrity": "sha1-VavHzXVP/KUAK2wrcZq9/IRoGag=",
      "cpu": [
        "x64"
      ],
      "libc": [
        "glibc"
      ],
      "license": "Apache-2.0",
      "optional": true,
      "os": [
        "linux"
      ],
      "engines": {
        "node": "^18.17.0 || ^20.3.0 || >=21.0.0"
      },
      "funding": {
        "url": "https://opencollective.com/libvips"
      },
      "optionalDependencies": {
        "@img/sharp-libvips-linux-x64": "1.2.4"
      }
    },
    "node_modules/@img/sharp-linuxmusl-arm64": {
      "version": "0.34.5",
      "resolved": "http://registry.m.jd.com/@img/sharp-linuxmusl-arm64/download/@img/sharp-linuxmusl-arm64-0.34.5.tgz",
      "integrity": "sha1-1lFe6XG7YvcwAaSCm52GWhG3cIY=",
      "cpu": [
        "arm64"
      ],
      "libc": [
        "musl"
      ],
      "license": "Apache-2.0",
      "optional": true,
      "os": [
        "linux"
      ],
      "engines": {
        "node": "^18.17.0 || ^20.3.0 || >=21.0.0"
      },
      "funding": {
        "url": "https://opencollective.com/libvips"
      },
      "optionalDependencies": {
        "@img/sharp-libvips-linuxmusl-arm64": "1.2.4"
      }
    },
    "node_modules/@img/sharp-linuxmusl-x64": {
      "version": "0.34.5",
      "resolved": "http://registry.m.jd.com/@img/sharp-linuxmusl-x64/download/@img/sharp-linuxmusl-x64-0.34.5.tgz",
      "integrity": "sha1-2Xl4rsfFIS+ZlxTy9bc2RX4S7p8=",
      "cpu": [
        "x64"
      ],
      "libc": [
        "musl"
      ],
      "license": "Apache-2.0",
      "optional": true,
      "os": [
        "linux"
      ],
      "engines": {
        "node": "^18.17.0 || ^20.3.0 || >=21.0.0"
      },
      "funding": {
        "url": "https://opencollective.com/libvips"
      },
      "optionalDependencies": {
        "@img/sharp-libvips-linuxmusl-x64": "1.2.4"
      }
    },
    "node_modules/@img/sharp-wasm32": {
      "version": "0.34.5",
      "resolved": "http://registry.m.jd.com/@img/sharp-wasm32/download/@img/sharp-wasm32-0.34.5.tgz",
      "integrity": "sha1-LxWAOqYm+MWd18nQu8dm8atSz6A=",
      "cpu": [
        "wasm32"
      ],
      "license": "Apache-2.0 AND LGPL-3.0-or-later AND MIT",
      "optional": true,
      "dependencies": {
        "@emnapi/runtime": "^1.7.0"
      },
      "engines": {
        "node": "^18.17.0 || ^20.3.0 || >=21.0.0"
      },
      "funding": {
        "url": "https://opencollective.com/libvips"
      }
    },
    "node_modules/@img/sharp-win32-arm64": {
      "version": "0.34.5",
      "resolved": "http://registry.m.jd.com/@img/sharp-win32-arm64/download/@img/sharp-win32-arm64-0.34.5.tgz",
      "integrity": "sha1-Nwbp46w1/d/ByH+U6Enxt1MHzgo=",
      "cpu": [
        "arm64"
      ],
      "license": "Apache-2.0 AND LGPL-3.0-or-later",
      "optional": true,
      "os": [
        "win32"
      ],
      "engines": {
        "node": "^18.17.0 || ^20.3.0 || >=21.0.0"
      },
      "funding": {
        "url": "https://opencollective.com/libvips"
      }
    },
    "node_modules/@img/sharp-win32-ia32": {
      "version": "0.34.5",
      "resolved": "http://registry.m.jd.com/@img/sharp-win32-ia32/download/@img/sharp-win32-ia32-0.34.5.tgz",
      "integrity": "sha1-C3EWZZmwSeAy8IX7kmPgL05HiN4=",
      "cpu": [
        "ia32"
      ],
      "license": "Apache-2.0 AND LGPL-3.0-or-later",
      "optional": true,
      "os": [
        "win32"
      ],
      "engines": {
        "node": "^18.17.0 || ^20.3.0 || >=21.0.0"
      },
      "funding": {
        "url": "https://opencollective.com/libvips"
      }
    },
    "node_modules/@img/sharp-win32-x64": {
      "version": "0.34.5",
      "resolved": "http://registry.m.jd.com/@img/sharp-win32-x64/download/@img/sharp-win32-x64-0.34.5.tgz",
      "integrity": "sha1-qB/7AOaSZ80KHWJurtuKhDCysvg=",
      "cpu": [
        "x64"
      ],
      "license": "Apache-2.0 AND LGPL-3.0-or-later",
      "optional": true,
      "os": [
        "win32"
      ],
      "engines": {
        "node": "^18.17.0 || ^20.3.0 || >=21.0.0"
      },
      "funding": {
        "url": "https://opencollective.com/libvips"
      }
    },
    "node_modules/@mixmark-io/domino": {
      "version": "2.2.0",
      "resolved": "http://registry.m.jd.com/@mixmark-io/domino/download/@mixmark-io/domino-2.2.0.tgz",
      "integrity": "sha1-To7Gm/Gv63oU8GKLfiwPNb2zNsM=",
      "license": "BSD-2-Clause"
    },
    "node_modules/@next/env": {
      "version": "16.2.4",
      "resolved": "http://registry.m.jd.com/@next/env/download/@next/env-16.2.4.tgz",
      "integrity": "sha1-uVeTqfI1dEyX+oBcmcsDOm/1Hs4=",
      "license": "MIT"
    },
    "node_modules/@next/swc-darwin-arm64": {
      "version": "16.2.4",
      "resolved": "http://registry.m.jd.com/@next/swc-darwin-arm64/download/@next/swc-darwin-arm64-16.2.4.tgz",
      "integrity": "sha1-yArYL3B7WOCD+tRg6boyqzAB3tg=",
      "cpu": [
        "arm64"
      ],
      "license": "MIT",
      "optional": true,
      "os": [
        "darwin"
      ],
      "engines": {
        "node": ">= 10"
      }
    },
    "node_modules/@next/swc-darwin-x64": {
      "version": "16.2.4",
      "resolved": "http://registry.m.jd.com/@next/swc-darwin-x64/download/@next/swc-darwin-x64-16.2.4.tgz",
      "integrity": "sha1-WaefhGEws2aHrjSLwHtrL+TtPag=",
      "cpu": [
        "x64"
      ],
      "license": "MIT",
      "optional": true,
      "os": [
        "darwin"
      ],
      "engines": {
        "node": ">= 10"
      }
    },
    "node_modules/@next/swc-linux-arm64-gnu": {
      "version": "16.2.4",
      "resolved": "http://registry.m.jd.com/@next/swc-linux-arm64-gnu/download/@next/swc-linux-arm64-gnu-16.2.4.tgz",
      "integrity": "sha1-iGvLexZFlvGFckvpaip1PVU4vtg=",
      "cpu": [
        "arm64"
      ],
      "libc": [
        "glibc"
      ],
      "license": "MIT",
      "optional": true,
      "os": [
        "linux"
      ],
      "engines": {
        "node": ">= 10"
      }
    },
    "node_modules/@next/swc-linux-arm64-musl": {
      "version": "16.2.4",
      "resolved": "http://registry.m.jd.com/@next/swc-linux-arm64-musl/download/@next/swc-linux-arm64-musl-16.2.4.tgz",
      "integrity": "sha1-ml0boUFsBZzsODHcuaFLeafxR34=",
      "cpu": [
        "arm64"
      ],
      "libc": [
        "musl"
      ],
      "license": "MIT",
      "optional": true,
      "os": [
        "linux"
      ],
      "engines": {
        "node": ">= 10"
      }
    },
    "node_modules/@next/swc-linux-x64-gnu": {
      "version": "16.2.4",
      "resolved": "http://registry.m.jd.com/@next/swc-linux-x64-gnu/download/@next/swc-linux-x64-gnu-16.2.4.tgz",
      "integrity": "sha1-LTUnDpBJCbOOyE1ZRwbCuKz6Gfo=",
      "cpu": [
        "x64"
      ],
      "libc": [
        "glibc"
      ],
      "license": "MIT",
      "optional": true,
      "os": [
        "linux"
      ],
      "engines": {
        "node": ">= 10"
      }
    },
    "node_modules/@next/swc-linux-x64-musl": {
      "version": "16.2.4",
      "resolved": "http://registry.m.jd.com/@next/swc-linux-x64-musl/download/@next/swc-linux-x64-musl-16.2.4.tgz",
      "integrity": "sha1-McdQqMxLNQ0ug5yVlCNhyLNbmsk=",
      "cpu": [
        "x64"
      ],
      "libc": [
        "musl"
      ],
      "license": "MIT",
      "optional": true,
      "os": [
        "linux"
      ],
      "engines": {
        "node": ">= 10"
      }
    },
    "node_modules/@next/swc-win32-arm64-msvc": {
      "version": "16.2.4",
      "resolved": "http://registry.m.jd.com/@next/swc-win32-arm64-msvc/download/@next/swc-win32-arm64-msvc-16.2.4.tgz",
      "integrity": "sha1-7rbg0fWLiLQNzdgoNon6BltkWiU=",
      "cpu": [
        "arm64"
      ],
      "license": "MIT",
      "optional": true,
      "os": [
        "win32"
      ],
      "engines": {
        "node": ">= 10"
      }
    },
    "node_modules/@next/swc-win32-x64-msvc": {
      "version": "16.2.4",
      "resolved": "http://registry.m.jd.com/@next/swc-win32-x64-msvc/download/@next/swc-win32-x64-msvc-16.2.4.tgz",
      "integrity": "sha1-glLQK1Bb5QJd7mJiiFl2HguxFZc=",
      "cpu": [
        "x64"
      ],
      "license": "MIT",
      "optional": true,
      "os": [
        "win32"
      ],
      "engines": {
        "node": ">= 10"
      }
    },
    "node_modules/@swc/helpers": {
      "version": "0.5.15",
      "resolved": "http://registry.m.jd.com/@swc/helpers/download/@swc/helpers-0.5.15.tgz",
      "integrity": "sha1-ee+rNExYGez4OkPz+fgR/IS1Ftc=",
      "license": "Apache-2.0",
      "dependencies": {
        "tslib": "^2.8.0"
      }
    },
    "node_modules/@types/trusted-types": {
      "version": "2.0.7",
      "resolved": "http://registry.m.jd.com/@types/trusted-types/download/@types/trusted-types-2.0.7.tgz",
      "integrity": "sha1-usywepcLkXB986PoumiWxX6tLRE=",
      "license": "MIT",
      "optional": true
    },
    "node_modules/baseline-browser-mapping": {
      "version": "2.10.24",
      "resolved": "http://registry.m.jd.com/baseline-browser-mapping/download/baseline-browser-mapping-2.10.24.tgz",
      "integrity": "sha1-bcMgx79ThZ7Cv1XVTbbS5cB43xY=",
      "license": "Apache-2.0",
      "bin": {
        "baseline-browser-mapping": "dist/cli.cjs"
      },
      "engines": {
        "node": ">=6.0.0"
      }
    },
    "node_modules/caniuse-lite": {
      "version": "1.0.30001791",
      "resolved": "http://registry.m.jd.com/caniuse-lite/download/caniuse-lite-1.0.30001791.tgz",
      "integrity": "sha1-37k9hcQK04DFcSPnLhDzxXV4a1E=",
      "funding": [
        {
          "type": "opencollective",
          "url": "https://opencollective.com/browserslist"
        },
        {
          "type": "tidelift",
          "url": "https://tidelift.com/funding/github/npm/caniuse-lite"
        },
        {
          "type": "github",
          "url": "https://github.com/sponsors/ai"
        }
      ],
      "license": "CC-BY-4.0"
    },
    "node_modules/client-only": {
      "version": "0.0.1",
      "resolved": "http://registry.m.jd.com/client-only/download/client-only-0.0.1.tgz",
      "integrity": "sha1-OLul1APEGrFQv/ZKlchQE89zvKE=",
      "license": "MIT"
    },
    "node_modules/detect-libc": {
      "version": "2.1.2",
      "resolved": "http://registry.m.jd.com/detect-libc/download/detect-libc-2.1.2.tgz",
      "integrity": "sha1-aJxdzcGQDvVYOky59te0c3QgdK0=",
      "license": "Apache-2.0",
      "optional": true,
      "engines": {
        "node": ">=8"
      }
    },
    "node_modules/dompurify": {
      "version": "3.4.2",
      "resolved": "http://registry.m.jd.com/dompurify/download/dompurify-3.4.2.tgz",
      "integrity": "sha1-8P+BvmgsSFUFCXuoGVoFjY9XUhg=",
      "license": "(MPL-2.0 OR Apache-2.0)",
      "optionalDependencies": {
        "@types/trusted-types": "^2.0.7"
      }
    },
    "node_modules/eventemitter3": {
      "version": "5.0.4",
      "resolved": "http://registry.m.jd.com/eventemitter3/download/eventemitter3-5.0.4.tgz",
      "integrity": "sha1-qG1mFwQzcS3egUcHrFK1JxzrH+s=",
      "license": "MIT"
    },
    "node_modules/fast-diff": {
      "version": "1.3.0",
      "resolved": "http://registry.m.jd.com/fast-diff/download/fast-diff-1.3.0.tgz",
      "integrity": "sha1-7OQH+lUKZNY4U2zXJ+EpxhYW4PA=",
      "license": "Apache-2.0"
    },
    "node_modules/lodash-es": {
      "version": "4.18.1",
      "resolved": "http://registry.m.jd.com/lodash-es/download/lodash-es-4.18.1.tgz",
      "integrity": "sha1-uWLuuA2dmDqQC/NClh+3QYyhCx0=",
      "license": "MIT"
    },
    "node_modules/lodash.clonedeep": {
      "version": "4.5.0",
      "resolved": "http://registry.m.jd.com/lodash.clonedeep/download/lodash.clonedeep-4.5.0.tgz",
      "integrity": "sha1-4j8/nE+Pvd6HJSnBBxhXoIblzO8=",
      "license": "MIT"
    },
    "node_modules/lodash.isequal": {
      "version": "4.5.0",
      "resolved": "http://registry.m.jd.com/lodash.isequal/download/lodash.isequal-4.5.0.tgz",
      "integrity": "sha1-QVxEePK8wwEgwizhDtMib30+GOA=",
      "deprecated": "This package is deprecated. Use require('node:util').isDeepStrictEqual instead.",
      "license": "MIT"
    },
    "node_modules/marked": {
      "version": "16.4.2",
      "resolved": "http://registry.m.jd.com/marked/download/marked-16.4.2.tgz",
      "integrity": "sha1-SVmmS+bEhvDbdGfq184ojeVCkKM=",
      "license": "MIT",
      "bin": {
        "marked": "bin/marked.js"
      },
      "engines": {
        "node": ">= 20"
      }
    },
    "node_modules/nanoid": {
      "version": "3.3.12",
      "resolved": "http://registry.m.jd.com/nanoid/download/nanoid-3.3.12.tgz",
      "integrity": "sha1-qz2RLiF6bQpRTwCnKhZUOiiYLAU=",
      "funding": [
        {
          "type": "github",
          "url": "https://github.com/sponsors/ai"
        }
      ],
      "license": "MIT",
      "bin": {
        "nanoid": "bin/nanoid.cjs"
      },
      "engines": {
        "node": "^10 || ^12 || ^13.7 || ^14 || >=15.0.1"
      }
    },
    "node_modules/next": {
      "version": "16.2.4",
      "resolved": "http://registry.m.jd.com/next/download/next-16.2.4.tgz",
      "integrity": "sha1-sfcIooMFLozLhu8WAB1p5Vjm718=",
      "license": "MIT",
      "dependencies": {
        "@next/env": "16.2.4",
        "@swc/helpers": "0.5.15",
        "baseline-browser-mapping": "^2.9.19",
        "caniuse-lite": "^1.0.30001579",
        "postcss": "8.4.31",
        "styled-jsx": "5.1.6"
      },
      "bin": {
        "next": "dist/bin/next"
      },
      "engines": {
        "node": ">=20.9.0"
      },
      "optionalDependencies": {
        "@next/swc-darwin-arm64": "16.2.4",
        "@next/swc-darwin-x64": "16.2.4",
        "@next/swc-linux-arm64-gnu": "16.2.4",
        "@next/swc-linux-arm64-musl": "16.2.4",
        "@next/swc-linux-x64-gnu": "16.2.4",
        "@next/swc-linux-x64-musl": "16.2.4",
        "@next/swc-win32-arm64-msvc": "16.2.4",
        "@next/swc-win32-x64-msvc": "16.2.4",
        "sharp": "^0.34.5"
      },
      "peerDependencies": {
        "@opentelemetry/api": "^1.1.0",
        "@playwright/test": "^1.51.1",
        "babel-plugin-react-compiler": "*",
        "react": "^18.2.0 || 19.0.0-rc-de68d2f4-20241204 || ^19.0.0",
        "react-dom": "^18.2.0 || 19.0.0-rc-de68d2f4-20241204 || ^19.0.0",
        "sass": "^1.3.0"
      },
      "peerDependenciesMeta": {
        "@opentelemetry/api": {
          "optional": true
        },
        "@playwright/test": {
          "optional": true
        },
        "babel-plugin-react-compiler": {
          "optional": true
        },
        "sass": {
          "optional": true
        }
      }
    },
    "node_modules/parchment": {
      "version": "3.0.0",
      "resolved": "http://registry.m.jd.com/parchment/download/parchment-3.0.0.tgz",
      "integrity": "sha1-LjpK2kVOEgaudup6/LUOn7UX59Y=",
      "license": "BSD-3-Clause"
    },
    "node_modules/picocolors": {
      "version": "1.1.1",
      "resolved": "http://registry.m.jd.com/picocolors/download/picocolors-1.1.1.tgz",
      "integrity": "sha1-PTIa8+q5ObCDyPkpodEs2oHCa2s=",
      "license": "ISC"
    },
    "node_modules/postcss": {
      "version": "8.4.31",
      "resolved": "http://registry.m.jd.com/postcss/download/postcss-8.4.31.tgz",
      "integrity": "sha1-krRRBQqfkU2mdVrzUr3AGSUIZW0=",
      "funding": [
        {
          "type": "opencollective",
          "url": "https://opencollective.com/postcss/"
        },
        {
          "type": "tidelift",
          "url": "https://tidelift.com/funding/github/npm/postcss"
        },
        {
          "type": "github",
          "url": "https://github.com/sponsors/ai"
        }
      ],
      "license": "MIT",
      "dependencies": {
        "nanoid": "^3.3.6",
        "picocolors": "^1.0.0",
        "source-map-js": "^1.0.2"
      },
      "engines": {
        "node": "^10 || ^12 || >=14"
      }
    },
    "node_modules/quill": {
      "version": "2.0.3",
      "resolved": "http://registry.m.jd.com/quill/download/quill-2.0.3.tgz",
      "integrity": "sha1-dSdlox1aU1zcVxfcSdTlAJk2XrE=",
      "license": "BSD-3-Clause",
      "dependencies": {
        "eventemitter3": "^5.0.1",
        "lodash-es": "^4.17.21",
        "parchment": "^3.0.0",
        "quill-delta": "^5.1.0"
      },
      "engines": {
        "npm": ">=8.2.3"
      }
    },
    "node_modules/quill-delta": {
      "version": "5.1.0",
      "resolved": "http://registry.m.jd.com/quill-delta/download/quill-delta-5.1.0.tgz",
      "integrity": "sha1-HEvAj3yOXMS9yIoVoacMHMctK0g=",
      "license": "MIT",
      "dependencies": {
        "fast-diff": "^1.3.0",
        "lodash.clonedeep": "^4.5.0",
        "lodash.isequal": "^4.5.0"
      },
      "engines": {
        "node": ">= 12.0.0"
      }
    },
    "node_modules/react": {
      "version": "19.2.5",
      "resolved": "http://registry.m.jd.com/react/download/react-19.2.5.tgz",
      "integrity": "sha1-yIiri47zPiWX+ui9std+29tChYs=",
      "license": "MIT",
      "engines": {
        "node": ">=0.10.0"
      }
    },
    "node_modules/react-dom": {
      "version": "19.2.5",
      "resolved": "http://registry.m.jd.com/react-dom/download/react-dom-19.2.5.tgz",
      "integrity": "sha1-uHaLEIN9C46cpbni1Y3/PYgOol4=",
      "license": "MIT",
      "dependencies": {
        "scheduler": "^0.27.0"
      },
      "peerDependencies": {
        "react": "^19.2.5"
      }
    },
    "node_modules/scheduler": {
      "version": "0.27.0",
      "resolved": "http://registry.m.jd.com/scheduler/download/scheduler-0.27.0.tgz",
      "integrity": "sha1-DE74LWfR5cHjWej8dtOofwRf5b0=",
      "license": "MIT"
    },
    "node_modules/semver": {
      "version": "7.7.4",
      "resolved": "http://registry.m.jd.com/semver/download/semver-7.7.4.tgz",
      "integrity": "sha1-KEZONgYOmR+noR0CedLT87V6foo=",
      "license": "ISC",
      "optional": true,
      "bin": {
        "semver": "bin/semver.js"
      },
      "engines": {
        "node": ">=10"
      }
    },
    "node_modules/sharp": {
      "version": "0.34.5",
      "resolved": "http://registry.m.jd.com/sharp/download/sharp-0.34.5.tgz",
      "integrity": "sha1-tvFI5LjGHxeXveEanRz+u64sV7A=",
      "hasInstallScript": true,
      "license": "Apache-2.0",
      "optional": true,
      "dependencies": {
        "@img/colour": "^1.0.0",
        "detect-libc": "^2.1.2",
        "semver": "^7.7.3"
      },
      "engines": {
        "node": "^18.17.0 || ^20.3.0 || >=21.0.0"
      },
      "funding": {
        "url": "https://opencollective.com/libvips"
      },
      "optionalDependencies": {
        "@img/sharp-darwin-arm64": "0.34.5",
        "@img/sharp-darwin-x64": "0.34.5",
        "@img/sharp-libvips-darwin-arm64": "1.2.4",
        "@img/sharp-libvips-darwin-x64": "1.2.4",
        "@img/sharp-libvips-linux-arm": "1.2.4",
        "@img/sharp-libvips-linux-arm64": "1.2.4",
        "@img/sharp-libvips-linux-ppc64": "1.2.4",
        "@img/sharp-libvips-linux-riscv64": "1.2.4",
        "@img/sharp-libvips-linux-s390x": "1.2.4",
        "@img/sharp-libvips-linux-x64": "1.2.4",
        "@img/sharp-libvips-linuxmusl-arm64": "1.2.4",
        "@img/sharp-libvips-linuxmusl-x64": "1.2.4",
        "@img/sharp-linux-arm": "0.34.5",
        "@img/sharp-linux-arm64": "0.34.5",
        "@img/sharp-linux-ppc64": "0.34.5",
        "@img/sharp-linux-riscv64": "0.34.5",
        "@img/sharp-linux-s390x": "0.34.5",
        "@img/sharp-linux-x64": "0.34.5",
        "@img/sharp-linuxmusl-arm64": "0.34.5",
        "@img/sharp-linuxmusl-x64": "0.34.5",
        "@img/sharp-wasm32": "0.34.5",
        "@img/sharp-win32-arm64": "0.34.5",
        "@img/sharp-win32-ia32": "0.34.5",
        "@img/sharp-win32-x64": "0.34.5"
      }
    },
    "node_modules/source-map-js": {
      "version": "1.2.1",
      "resolved": "http://registry.m.jd.com/source-map-js/download/source-map-js-1.2.1.tgz",
      "integrity": "sha1-HOVlD93YerwJnto33P8CTCZnrkY=",
      "license": "BSD-3-Clause",
      "engines": {
        "node": ">=0.10.0"
      }
    },
    "node_modules/styled-jsx": {
      "version": "5.1.6",
      "resolved": "http://registry.m.jd.com/styled-jsx/download/styled-jsx-5.1.6.tgz",
      "integrity": "sha1-g7kMB35saoD39eh4HQ8xGy/kFJk=",
      "license": "MIT",
      "dependencies": {
        "client-only": "0.0.1"
      },
      "engines": {
        "node": ">= 12.0.0"
      },
      "peerDependencies": {
        "react": ">= 16.8.0 || 17.x.x || ^18.0.0-0 || ^19.0.0-0"
      },
      "peerDependenciesMeta": {
        "@babel/core": {
          "optional": true
        },
        "babel-plugin-macros": {
          "optional": true
        }
      }
    },
    "node_modules/tslib": {
      "version": "2.8.1",
      "resolved": "http://registry.m.jd.com/tslib/download/tslib-2.8.1.tgz",
      "integrity": "sha1-YS7+TtI11Wfoq6Xypfq3AoCt6D8=",
      "license": "0BSD"
    },
    "node_modules/turndown": {
      "version": "7.2.4",
      "resolved": "http://registry.m.jd.com/turndown/download/turndown-7.2.4.tgz",
      "integrity": "sha1-QtmCAq76jBiMmXtYa8baeL3yfqI=",
      "license": "MIT",
      "dependencies": {
        "@mixmark-io/domino": "^2.2.0"
      },
      "engines": {
        "node": ">=18",
        "npm": ">=9"
      }
    },
    "node_modules/turndown-plugin-gfm": {
      "version": "1.0.2",
      "resolved": "http://registry.m.jd.com/turndown-plugin-gfm/download/turndown-plugin-gfm-1.0.2.tgz",
      "integrity": "sha1-b4Z4o2HzUiCyvfVhnmBJrddb8cc=",
      "license": "MIT"
    }
  }
}
